// !$*UTF8*$!
{
	archiveVersion = 1;
	classes = {
	};
	objectVersion = 52;
	objects = {

/* Begin PBXBuildFile section */
		4609E791252E149E00EE3E64 /* NotificationData.swift in Sources */ = {isa = PBXBuildFile; fileRef = 4609E790252E149E00EE3E64 /* NotificationData.swift */; };
		461730FC24DC577000945B9B /* SensorData.swift in Sources */ = {isa = PBXBuildFile; fileRef = 461730FB24DC577000945B9B /* SensorData.swift */; };
		461730FE24DCD09D00945B9B /* GrowTracker.swift in Sources */ = {isa = PBXBuildFile; fileRef = 461730FD24DCD09D00945B9B /* GrowTracker.swift */; };
		4619F64D251D613B008B90E9 /* Notifications.storyboard in Resources */ = {isa = PBXBuildFile; fileRef = 4619F64C251D613B008B90E9 /* Notifications.storyboard */; };
		4619F64F251D63A8008B90E9 /* NotificationsVC.swift in Sources */ = {isa = PBXBuildFile; fileRef = 4619F64E251D63A8008B90E9 /* NotificationsVC.swift */; };
		4619F651251E4567008B90E9 /* NotificationsCell.swift in Sources */ = {isa = PBXBuildFile; fileRef = 4619F650251E4567008B90E9 /* NotificationsCell.swift */; };
		4621596321286D3B00F8ADA4 /* AppBrain.swift in Sources */ = {isa = PBXBuildFile; fileRef = 4621596221286D3B00F8ADA4 /* AppBrain.swift */; };
		462A428423DF8A2B0086096A /* UserData.swift in Sources */ = {isa = PBXBuildFile; fileRef = 462A428323DF8A2B0086096A /* UserData.swift */; };
		462A428723DF8C580086096A /* DateExt.swift in Sources */ = {isa = PBXBuildFile; fileRef = 462A428623DF8C580086096A /* DateExt.swift */; };
		4631823724A699BF0002E8DF /* ForgotPasswordVC.swift in Sources */ = {isa = PBXBuildFile; fileRef = 4631823624A699BF0002E8DF /* ForgotPasswordVC.swift */; };
		46329646253F7B2E003D128D /* Analytics.storyboard in Resources */ = {isa = PBXBuildFile; fileRef = 46329645253F7B2E003D128D /* Analytics.storyboard */; };
		46454D42250D9B7A000FC981 /* ResetWiFiVC.swift in Sources */ = {isa = PBXBuildFile; fileRef = 46454D41250D9B7A000FC981 /* ResetWiFiVC.swift */; };
		4651EA6024A5899C009BC355 /* SignInVC.swift in Sources */ = {isa = PBXBuildFile; fileRef = 4651EA5F24A5899C009BC355 /* SignInVC.swift */; };
		4656EEE325031606006822B7 /* Settings.storyboard in Resources */ = {isa = PBXBuildFile; fileRef = 4656EEE225031606006822B7 /* Settings.storyboard */; };
		4656EEE52503239B006822B7 /* SettingsVC.swift in Sources */ = {isa = PBXBuildFile; fileRef = 4656EEE42503239B006822B7 /* SettingsVC.swift */; };
		4656EEE7250325E8006822B7 /* SettingsCell.swift in Sources */ = {isa = PBXBuildFile; fileRef = 4656EEE6250325E8006822B7 /* SettingsCell.swift */; };
		465DE2EC24E4C83800F0BF86 /* SetupReefVC.swift in Sources */ = {isa = PBXBuildFile; fileRef = 465DE2EB24E4C83800F0BF86 /* SetupReefVC.swift */; };
		465DE2EE24E4CCE300F0BF86 /* AquariumFillVC.swift in Sources */ = {isa = PBXBuildFile; fileRef = 465DE2ED24E4CCE300F0BF86 /* AquariumFillVC.swift */; };
		465DE2F024E5B50700F0BF86 /* ReefSettings.swift in Sources */ = {isa = PBXBuildFile; fileRef = 465DE2EF24E5B50700F0BF86 /* ReefSettings.swift */; };
		466AA99E222F5AFE007903C3 /* GoogleService-Info.plist in Resources */ = {isa = PBXBuildFile; fileRef = 466AA99D222F5AFE007903C3 /* GoogleService-Info.plist */; };
		46969B29253F9FC500364B42 /* AnalyticsVC.swift in Sources */ = {isa = PBXBuildFile; fileRef = 46969B28253F9FC500364B42 /* AnalyticsVC.swift */; };
		469BA9D324F9670D0017D1FA /* HomeVC.swift in Sources */ = {isa = PBXBuildFile; fileRef = 469BA9D224F9670D0017D1FA /* HomeVC.swift */; };
		469BA9D724F96C280017D1FA /* ProgressCell.swift in Sources */ = {isa = PBXBuildFile; fileRef = 469BA9D624F96C280017D1FA /* ProgressCell.swift */; };
		469BA9DB24FCB59F0017D1FA /* GerminationVC.swift in Sources */ = {isa = PBXBuildFile; fileRef = 469BA9DA24FCB59F0017D1FA /* GerminationVC.swift */; };
		469BA9DD24FCB8ED0017D1FA /* SeedlingVC.swift in Sources */ = {isa = PBXBuildFile; fileRef = 469BA9DC24FCB8ED0017D1FA /* SeedlingVC.swift */; };
		469BA9DF24FD51680017D1FA /* VegetativeVC.swift in Sources */ = {isa = PBXBuildFile; fileRef = 469BA9DE24FD51680017D1FA /* VegetativeVC.swift */; };
		46A4674D24F58C2E00B75E9C /* NutrientsVC.swift in Sources */ = {isa = PBXBuildFile; fileRef = 46A4674C24F58C2E00B75E9C /* NutrientsVC.swift */; };
		46A4674F24F58C3D00B75E9C /* CyclingVC.swift in Sources */ = {isa = PBXBuildFile; fileRef = 46A4674E24F58C3D00B75E9C /* CyclingVC.swift */; };
		46A4675324F5C26400B75E9C /* strains.csv in Resources */ = {isa = PBXBuildFile; fileRef = 46A4675224F5C26400B75E9C /* strains.csv */; };
		46A4675624F5C50300B75E9C /* CSVImporter in Frameworks */ = {isa = PBXBuildFile; productRef = 46A4675524F5C50300B75E9C /* CSVImporter */; };
		46A4675824F5CA0400B75E9C /* GrowHistory.swift in Sources */ = {isa = PBXBuildFile; fileRef = 46A4675724F5CA0400B75E9C /* GrowHistory.swift */; };
		46A4675A24F5D8A600B75E9C /* ChooseYourGrowVC.swift in Sources */ = {isa = PBXBuildFile; fileRef = 46A4675924F5D8A600B75E9C /* ChooseYourGrowVC.swift */; };
		46A4675D24F5DA6500B75E9C /* SelectStrainVC.swift in Sources */ = {isa = PBXBuildFile; fileRef = 46A4675C24F5DA6500B75E9C /* SelectStrainVC.swift */; };
		46A4675F24F6086C00B75E9C /* SeedTypeVC.swift in Sources */ = {isa = PBXBuildFile; fileRef = 46A4675E24F6086C00B75E9C /* SeedTypeVC.swift */; };
		46A4676124F7079A00B75E9C /* PlantSeedVC.swift in Sources */ = {isa = PBXBuildFile; fileRef = 46A4676024F7079A00B75E9C /* PlantSeedVC.swift */; };
		46A4676324F70C5500B75E9C /* SeedSproutedVC.swift in Sources */ = {isa = PBXBuildFile; fileRef = 46A4676224F70C5500B75E9C /* SeedSproutedVC.swift */; };
		46A7B346252E2EF100503515 /* R.generated.swift in Sources */ = {isa = PBXBuildFile; fileRef = 46A7B345252E2EF100503515 /* R.generated.swift */; };
		46A85ABC24FD84D800B9D168 /* FloweringVC.swift in Sources */ = {isa = PBXBuildFile; fileRef = 46A85ABB24FD84D800B9D168 /* FloweringVC.swift */; };
		46A85ABE24FFE3D000B9D168 /* EcosystemVC.swift in Sources */ = {isa = PBXBuildFile; fileRef = 46A85ABD24FFE3D000B9D168 /* EcosystemVC.swift */; };
		46AE27B924B4ED20002AEF34 /* SetupVC.swift in Sources */ = {isa = PBXBuildFile; fileRef = 46AE27B824B4ED20002AEF34 /* SetupVC.swift */; };
		46C5917D2123B65A0035F552 /* Home.storyboard in Resources */ = {isa = PBXBuildFile; fileRef = 46C5917C2123B65A0035F552 /* Home.storyboard */; };
		46DE434A24F82A0C009D7FB3 /* EcosystemData.swift in Sources */ = {isa = PBXBuildFile; fileRef = 46DE434924F82A0C009D7FB3 /* EcosystemData.swift */; };
		46DE434C24F8694C009D7FB3 /* IntroduceFishVC.swift in Sources */ = {isa = PBXBuildFile; fileRef = 46DE434B24F8694C009D7FB3 /* IntroduceFishVC.swift */; };
		46E5A6AC24B92A7300140385 /* PlugVC.swift in Sources */ = {isa = PBXBuildFile; fileRef = 46E5A6AB24B92A7300140385 /* PlugVC.swift */; };
		46E5A6AE24B92B1800140385 /* ValidateVC.swift in Sources */ = {isa = PBXBuildFile; fileRef = 46E5A6AD24B92B1800140385 /* ValidateVC.swift */; };
		46E5A6B024BA5F8B00140385 /* WifiConnectVC.swift in Sources */ = {isa = PBXBuildFile; fileRef = 46E5A6AF24BA5F8B00140385 /* WifiConnectVC.swift */; };
		46E5A6B224BAA43C00140385 /* NotificationVC.swift in Sources */ = {isa = PBXBuildFile; fileRef = 46E5A6B124BAA43C00140385 /* NotificationVC.swift */; };
		46E5A6B424BAB3E500140385 /* NetworkExtension.framework in Frameworks */ = {isa = PBXBuildFile; fileRef = 46E5A6B324BAB3E500140385 /* NetworkExtension.framework */; };
		46E5A6B624BAB55800140385 /* ExternalAccessory.framework in Frameworks */ = {isa = PBXBuildFile; fileRef = 46E5A6B524BAB55800140385 /* ExternalAccessory.framework */; };
		46E5A6B824BB615100140385 /* StringExt.swift in Sources */ = {isa = PBXBuildFile; fileRef = 46E5A6B724BB615100140385 /* StringExt.swift */; };
		46E69F0D21092CEB003C466F /* AppDelegate.swift in Sources */ = {isa = PBXBuildFile; fileRef = 46E69F0C21092CEB003C466F /* AppDelegate.swift */; };
		46E69F0F21092CEB003C466F /* WelcomeVC.swift in Sources */ = {isa = PBXBuildFile; fileRef = 46E69F0E21092CEB003C466F /* WelcomeVC.swift */; };
		46E69F1221092CEB003C466F /* Main.storyboard in Resources */ = {isa = PBXBuildFile; fileRef = 46E69F1021092CEB003C466F /* Main.storyboard */; };
		46E69F1421092CEE003C466F /* Assets.xcassets in Resources */ = {isa = PBXBuildFile; fileRef = 46E69F1321092CEE003C466F /* Assets.xcassets */; };
		46E69F1721092CEE003C466F /* LaunchScreen.storyboard in Resources */ = {isa = PBXBuildFile; fileRef = 46E69F1521092CEE003C466F /* LaunchScreen.storyboard */; };
		46E69F2221092CEE003C466F /* ReefTests.swift in Sources */ = {isa = PBXBuildFile; fileRef = 46E69F2121092CEE003C466F /* ReefTests.swift */; };
		46E69F2D21092CEE003C466F /* ReefUITests.swift in Sources */ = {isa = PBXBuildFile; fileRef = 46E69F2C21092CEE003C466F /* ReefUITests.swift */; };
		46E69F3D210948A3003C466F /* SignUpVC.swift in Sources */ = {isa = PBXBuildFile; fileRef = 46E69F3C210948A3003C466F /* SignUpVC.swift */; };
		46ECC0CB254117330067C973 /* StrainCell.swift in Sources */ = {isa = PBXBuildFile; fileRef = 46ECC0CA254117330067C973 /* StrainCell.swift */; };
		827F865349C6AF57E04FC2A1 /* libPods-reefTests.a in Frameworks */ = {isa = PBXBuildFile; fileRef = 8E437EA3896C04C23D2342B2 /* libPods-reefTests.a */; };
		BA54A33D1AC722756604B86D /* libPods-reefUITests.a in Frameworks */ = {isa = PBXBuildFile; fileRef = 0EE258E866F9258BEDCDA569 /* libPods-reefUITests.a */; };
		E70449B6A5C1D2C5D3B7BE1B /* libPods-reef.a in Frameworks */ = {isa = PBXBuildFile; fileRef = BA9B2280DD754D1896F28A57 /* libPods-reef.a */; };
/* End PBXBuildFile section */

/* Begin PBXContainerItemProxy section */
		46E69F1E21092CEE003C466F /* PBXContainerItemProxy */ = {
			isa = PBXContainerItemProxy;
			containerPortal = 46E69F0121092CEA003C466F /* Project object */;
			proxyType = 1;
			remoteGlobalIDString = 46E69F0821092CEB003C466F;
			remoteInfo = Reef;
		};
		46E69F2921092CEE003C466F /* PBXContainerItemProxy */ = {
			isa = PBXContainerItemProxy;
			containerPortal = 46E69F0121092CEA003C466F /* Project object */;
			proxyType = 1;
			remoteGlobalIDString = 46E69F0821092CEB003C466F;
			remoteInfo = Reef;
		};
/* End PBXContainerItemProxy section */

/* Begin PBXFileReference section */
		0EE258E866F9258BEDCDA569 /* libPods-reefUITests.a */ = {isa = PBXFileReference; explicitFileType = archive.ar; includeInIndex = 0; path = "libPods-reefUITests.a"; sourceTree = BUILT_PRODUCTS_DIR; };
		165DD885F65EBD4B6DCB7E14 /* Pods-reefUITests.debug.xcconfig */ = {isa = PBXFileReference; includeInIndex = 1; lastKnownFileType = text.xcconfig; name = "Pods-reefUITests.debug.xcconfig"; path = "Target Support Files/Pods-reefUITests/Pods-reefUITests.debug.xcconfig"; sourceTree = "<group>"; };
		4609E790252E149E00EE3E64 /* NotificationData.swift */ = {isa = PBXFileReference; lastKnownFileType = sourcecode.swift; path = NotificationData.swift; sourceTree = "<group>"; };
		460EE4D5211F59950004A91C /* Reef.entitlements */ = {isa = PBXFileReference; lastKnownFileType = text.plist.entitlements; path = Reef.entitlements; sourceTree = "<group>"; };
		461730FB24DC577000945B9B /* SensorData.swift */ = {isa = PBXFileReference; lastKnownFileType = sourcecode.swift; path = SensorData.swift; sourceTree = "<group>"; };
		461730FD24DCD09D00945B9B /* GrowTracker.swift */ = {isa = PBXFileReference; lastKnownFileType = sourcecode.swift; path = GrowTracker.swift; sourceTree = "<group>"; };
		4619F64C251D613B008B90E9 /* Notifications.storyboard */ = {isa = PBXFileReference; lastKnownFileType = file.storyboard; path = Notifications.storyboard; sourceTree = "<group>"; };
		4619F64E251D63A8008B90E9 /* NotificationsVC.swift */ = {isa = PBXFileReference; lastKnownFileType = sourcecode.swift; path = NotificationsVC.swift; sourceTree = "<group>"; };
		4619F650251E4567008B90E9 /* NotificationsCell.swift */ = {isa = PBXFileReference; lastKnownFileType = sourcecode.swift; path = NotificationsCell.swift; sourceTree = "<group>"; };
		4621596221286D3B00F8ADA4 /* AppBrain.swift */ = {isa = PBXFileReference; lastKnownFileType = sourcecode.swift; path = AppBrain.swift; sourceTree = "<group>"; };
		462A428323DF8A2B0086096A /* UserData.swift */ = {isa = PBXFileReference; lastKnownFileType = sourcecode.swift; path = UserData.swift; sourceTree = "<group>"; };
		462A428623DF8C580086096A /* DateExt.swift */ = {isa = PBXFileReference; lastKnownFileType = sourcecode.swift; path = DateExt.swift; sourceTree = "<group>"; };
		4631823624A699BF0002E8DF /* ForgotPasswordVC.swift */ = {isa = PBXFileReference; lastKnownFileType = sourcecode.swift; path = ForgotPasswordVC.swift; sourceTree = "<group>"; };
		46329645253F7B2E003D128D /* Analytics.storyboard */ = {isa = PBXFileReference; lastKnownFileType = file.storyboard; path = Analytics.storyboard; sourceTree = "<group>"; };
		46454D41250D9B7A000FC981 /* ResetWiFiVC.swift */ = {isa = PBXFileReference; lastKnownFileType = sourcecode.swift; path = ResetWiFiVC.swift; sourceTree = "<group>"; };
		4651EA5F24A5899C009BC355 /* SignInVC.swift */ = {isa = PBXFileReference; lastKnownFileType = sourcecode.swift; path = SignInVC.swift; sourceTree = "<group>"; };
		4656EEE225031606006822B7 /* Settings.storyboard */ = {isa = PBXFileReference; lastKnownFileType = file.storyboard; path = Settings.storyboard; sourceTree = "<group>"; };
		4656EEE42503239B006822B7 /* SettingsVC.swift */ = {isa = PBXFileReference; lastKnownFileType = sourcecode.swift; path = SettingsVC.swift; sourceTree = "<group>"; };
		4656EEE6250325E8006822B7 /* SettingsCell.swift */ = {isa = PBXFileReference; lastKnownFileType = sourcecode.swift; path = SettingsCell.swift; sourceTree = "<group>"; };
		465DE2EB24E4C83800F0BF86 /* SetupReefVC.swift */ = {isa = PBXFileReference; lastKnownFileType = sourcecode.swift; path = SetupReefVC.swift; sourceTree = "<group>"; };
		465DE2ED24E4CCE300F0BF86 /* AquariumFillVC.swift */ = {isa = PBXFileReference; lastKnownFileType = sourcecode.swift; path = AquariumFillVC.swift; sourceTree = "<group>"; };
		465DE2EF24E5B50700F0BF86 /* ReefSettings.swift */ = {isa = PBXFileReference; lastKnownFileType = sourcecode.swift; path = ReefSettings.swift; sourceTree = "<group>"; };
		466AA99D222F5AFE007903C3 /* GoogleService-Info.plist */ = {isa = PBXFileReference; fileEncoding = 4; lastKnownFileType = text.plist.xml; path = "GoogleService-Info.plist"; sourceTree = "<group>"; };
		46969B28253F9FC500364B42 /* AnalyticsVC.swift */ = {isa = PBXFileReference; lastKnownFileType = sourcecode.swift; path = AnalyticsVC.swift; sourceTree = "<group>"; };
		469BA9D224F9670D0017D1FA /* HomeVC.swift */ = {isa = PBXFileReference; lastKnownFileType = sourcecode.swift; path = HomeVC.swift; sourceTree = "<group>"; };
		469BA9D624F96C280017D1FA /* ProgressCell.swift */ = {isa = PBXFileReference; lastKnownFileType = sourcecode.swift; path = ProgressCell.swift; sourceTree = "<group>"; };
		469BA9DA24FCB59F0017D1FA /* GerminationVC.swift */ = {isa = PBXFileReference; lastKnownFileType = sourcecode.swift; path = GerminationVC.swift; sourceTree = "<group>"; };
		469BA9DC24FCB8ED0017D1FA /* SeedlingVC.swift */ = {isa = PBXFileReference; lastKnownFileType = sourcecode.swift; path = SeedlingVC.swift; sourceTree = "<group>"; };
		469BA9DE24FD51680017D1FA /* VegetativeVC.swift */ = {isa = PBXFileReference; lastKnownFileType = sourcecode.swift; path = VegetativeVC.swift; sourceTree = "<group>"; };
		46A4674C24F58C2E00B75E9C /* NutrientsVC.swift */ = {isa = PBXFileReference; lastKnownFileType = sourcecode.swift; path = NutrientsVC.swift; sourceTree = "<group>"; };
		46A4674E24F58C3D00B75E9C /* CyclingVC.swift */ = {isa = PBXFileReference; lastKnownFileType = sourcecode.swift; path = CyclingVC.swift; sourceTree = "<group>"; };
		46A4675224F5C26400B75E9C /* strains.csv */ = {isa = PBXFileReference; fileEncoding = 4; lastKnownFileType = text; path = strains.csv; sourceTree = "<group>"; };
		46A4675724F5CA0400B75E9C /* GrowHistory.swift */ = {isa = PBXFileReference; lastKnownFileType = sourcecode.swift; path = GrowHistory.swift; sourceTree = "<group>"; };
		46A4675924F5D8A600B75E9C /* ChooseYourGrowVC.swift */ = {isa = PBXFileReference; lastKnownFileType = sourcecode.swift; path = ChooseYourGrowVC.swift; sourceTree = "<group>"; };
		46A4675C24F5DA6500B75E9C /* SelectStrainVC.swift */ = {isa = PBXFileReference; lastKnownFileType = sourcecode.swift; path = SelectStrainVC.swift; sourceTree = "<group>"; };
		46A4675E24F6086C00B75E9C /* SeedTypeVC.swift */ = {isa = PBXFileReference; lastKnownFileType = sourcecode.swift; path = SeedTypeVC.swift; sourceTree = "<group>"; };
		46A4676024F7079A00B75E9C /* PlantSeedVC.swift */ = {isa = PBXFileReference; lastKnownFileType = sourcecode.swift; path = PlantSeedVC.swift; sourceTree = "<group>"; };
		46A4676224F70C5500B75E9C /* SeedSproutedVC.swift */ = {isa = PBXFileReference; lastKnownFileType = sourcecode.swift; path = SeedSproutedVC.swift; sourceTree = "<group>"; };
		46A7B345252E2EF100503515 /* R.generated.swift */ = {isa = PBXFileReference; fileEncoding = 4; lastKnownFileType = sourcecode.swift; path = R.generated.swift; sourceTree = SOURCE_ROOT; };
		46A85ABB24FD84D800B9D168 /* FloweringVC.swift */ = {isa = PBXFileReference; lastKnownFileType = sourcecode.swift; path = FloweringVC.swift; sourceTree = "<group>"; };
		46A85ABD24FFE3D000B9D168 /* EcosystemVC.swift */ = {isa = PBXFileReference; lastKnownFileType = sourcecode.swift; path = EcosystemVC.swift; sourceTree = "<group>"; };
		46AE27B824B4ED20002AEF34 /* SetupVC.swift */ = {isa = PBXFileReference; lastKnownFileType = sourcecode.swift; path = SetupVC.swift; sourceTree = "<group>"; };
		46C5917C2123B65A0035F552 /* Home.storyboard */ = {isa = PBXFileReference; lastKnownFileType = file.storyboard; path = Home.storyboard; sourceTree = "<group>"; };
		46DE434924F82A0C009D7FB3 /* EcosystemData.swift */ = {isa = PBXFileReference; lastKnownFileType = sourcecode.swift; path = EcosystemData.swift; sourceTree = "<group>"; };
		46DE434B24F8694C009D7FB3 /* IntroduceFishVC.swift */ = {isa = PBXFileReference; lastKnownFileType = sourcecode.swift; path = IntroduceFishVC.swift; sourceTree = "<group>"; };
		46E5A6AB24B92A7300140385 /* PlugVC.swift */ = {isa = PBXFileReference; lastKnownFileType = sourcecode.swift; path = PlugVC.swift; sourceTree = "<group>"; };
		46E5A6AD24B92B1800140385 /* ValidateVC.swift */ = {isa = PBXFileReference; lastKnownFileType = sourcecode.swift; path = ValidateVC.swift; sourceTree = "<group>"; };
		46E5A6AF24BA5F8B00140385 /* WifiConnectVC.swift */ = {isa = PBXFileReference; lastKnownFileType = sourcecode.swift; path = WifiConnectVC.swift; sourceTree = "<group>"; };
		46E5A6B124BAA43C00140385 /* NotificationVC.swift */ = {isa = PBXFileReference; lastKnownFileType = sourcecode.swift; path = NotificationVC.swift; sourceTree = "<group>"; };
		46E5A6B324BAB3E500140385 /* NetworkExtension.framework */ = {isa = PBXFileReference; lastKnownFileType = wrapper.framework; name = NetworkExtension.framework; path = System/Library/Frameworks/NetworkExtension.framework; sourceTree = SDKROOT; };
		46E5A6B524BAB55800140385 /* ExternalAccessory.framework */ = {isa = PBXFileReference; lastKnownFileType = wrapper.framework; name = ExternalAccessory.framework; path = System/Library/Frameworks/ExternalAccessory.framework; sourceTree = SDKROOT; };
		46E5A6B724BB615100140385 /* StringExt.swift */ = {isa = PBXFileReference; lastKnownFileType = sourcecode.swift; path = StringExt.swift; sourceTree = "<group>"; };
		46E69F0921092CEB003C466F /* reef.app */ = {isa = PBXFileReference; explicitFileType = wrapper.application; includeInIndex = 0; path = reef.app; sourceTree = BUILT_PRODUCTS_DIR; };
		46E69F0C21092CEB003C466F /* AppDelegate.swift */ = {isa = PBXFileReference; lastKnownFileType = sourcecode.swift; path = AppDelegate.swift; sourceTree = "<group>"; };
		46E69F0E21092CEB003C466F /* WelcomeVC.swift */ = {isa = PBXFileReference; lastKnownFileType = sourcecode.swift; path = WelcomeVC.swift; sourceTree = "<group>"; };
		46E69F1121092CEB003C466F /* Base */ = {isa = PBXFileReference; lastKnownFileType = file.storyboard; name = Base; path = Base.lproj/Main.storyboard; sourceTree = "<group>"; };
		46E69F1321092CEE003C466F /* Assets.xcassets */ = {isa = PBXFileReference; lastKnownFileType = folder.assetcatalog; path = Assets.xcassets; sourceTree = "<group>"; };
		46E69F1621092CEE003C466F /* Base */ = {isa = PBXFileReference; lastKnownFileType = file.storyboard; name = Base; path = Base.lproj/LaunchScreen.storyboard; sourceTree = "<group>"; };
		46E69F1821092CEE003C466F /* Info.plist */ = {isa = PBXFileReference; lastKnownFileType = text.plist.xml; path = Info.plist; sourceTree = "<group>"; };
		46E69F1D21092CEE003C466F /* reefTests.xctest */ = {isa = PBXFileReference; explicitFileType = wrapper.cfbundle; includeInIndex = 0; path = reefTests.xctest; sourceTree = BUILT_PRODUCTS_DIR; };
		46E69F2121092CEE003C466F /* ReefTests.swift */ = {isa = PBXFileReference; lastKnownFileType = sourcecode.swift; path = ReefTests.swift; sourceTree = "<group>"; };
		46E69F2321092CEE003C466F /* Info.plist */ = {isa = PBXFileReference; lastKnownFileType = text.plist.xml; path = Info.plist; sourceTree = "<group>"; };
		46E69F2821092CEE003C466F /* reefUITests.xctest */ = {isa = PBXFileReference; explicitFileType = wrapper.cfbundle; includeInIndex = 0; path = reefUITests.xctest; sourceTree = BUILT_PRODUCTS_DIR; };
		46E69F2C21092CEE003C466F /* ReefUITests.swift */ = {isa = PBXFileReference; lastKnownFileType = sourcecode.swift; path = ReefUITests.swift; sourceTree = "<group>"; };
		46E69F2E21092CEE003C466F /* Info.plist */ = {isa = PBXFileReference; lastKnownFileType = text.plist.xml; path = Info.plist; sourceTree = "<group>"; };
		46E69F3C210948A3003C466F /* SignUpVC.swift */ = {isa = PBXFileReference; lastKnownFileType = sourcecode.swift; path = SignUpVC.swift; sourceTree = "<group>"; };
		46ECC0CA254117330067C973 /* StrainCell.swift */ = {isa = PBXFileReference; lastKnownFileType = sourcecode.swift; path = StrainCell.swift; sourceTree = "<group>"; };
		8E437EA3896C04C23D2342B2 /* libPods-reefTests.a */ = {isa = PBXFileReference; explicitFileType = archive.ar; includeInIndex = 0; path = "libPods-reefTests.a"; sourceTree = BUILT_PRODUCTS_DIR; };
		9917DA74490CA68B1FE7633F /* Pods-reef.debug.xcconfig */ = {isa = PBXFileReference; includeInIndex = 1; lastKnownFileType = text.xcconfig; name = "Pods-reef.debug.xcconfig"; path = "Target Support Files/Pods-reef/Pods-reef.debug.xcconfig"; sourceTree = "<group>"; };
		9989E053C3B0D50414DB10B0 /* Pods-reefUITests.release.xcconfig */ = {isa = PBXFileReference; includeInIndex = 1; lastKnownFileType = text.xcconfig; name = "Pods-reefUITests.release.xcconfig"; path = "Target Support Files/Pods-reefUITests/Pods-reefUITests.release.xcconfig"; sourceTree = "<group>"; };
		BA9B2280DD754D1896F28A57 /* libPods-reef.a */ = {isa = PBXFileReference; explicitFileType = archive.ar; includeInIndex = 0; path = "libPods-reef.a"; sourceTree = BUILT_PRODUCTS_DIR; };
		CFA55C1D1C67F9D4860B5FA2 /* Pods-reefTests.debug.xcconfig */ = {isa = PBXFileReference; includeInIndex = 1; lastKnownFileType = text.xcconfig; name = "Pods-reefTests.debug.xcconfig"; path = "Target Support Files/Pods-reefTests/Pods-reefTests.debug.xcconfig"; sourceTree = "<group>"; };
		FBD96A51C7A6D3DA56237A60 /* Pods-reef.release.xcconfig */ = {isa = PBXFileReference; includeInIndex = 1; lastKnownFileType = text.xcconfig; name = "Pods-reef.release.xcconfig"; path = "Target Support Files/Pods-reef/Pods-reef.release.xcconfig"; sourceTree = "<group>"; };
		FF0E1FEE1ACAEB6E8B3B4766 /* Pods-reefTests.release.xcconfig */ = {isa = PBXFileReference; includeInIndex = 1; lastKnownFileType = text.xcconfig; name = "Pods-reefTests.release.xcconfig"; path = "Target Support Files/Pods-reefTests/Pods-reefTests.release.xcconfig"; sourceTree = "<group>"; };
/* End PBXFileReference section */

/* Begin PBXFrameworksBuildPhase section */
		46E69F0621092CEB003C466F /* Frameworks */ = {
			isa = PBXFrameworksBuildPhase;
			buildActionMask = 2147483647;
			files = (
				46E5A6B624BAB55800140385 /* ExternalAccessory.framework in Frameworks */,
				46A4675624F5C50300B75E9C /* CSVImporter in Frameworks */,
				46E5A6B424BAB3E500140385 /* NetworkExtension.framework in Frameworks */,
				E70449B6A5C1D2C5D3B7BE1B /* libPods-reef.a in Frameworks */,
			);
			runOnlyForDeploymentPostprocessing = 0;
		};
		46E69F1A21092CEE003C466F /* Frameworks */ = {
			isa = PBXFrameworksBuildPhase;
			buildActionMask = 2147483647;
			files = (
				827F865349C6AF57E04FC2A1 /* libPods-reefTests.a in Frameworks */,
			);
			runOnlyForDeploymentPostprocessing = 0;
		};
		46E69F2521092CEE003C466F /* Frameworks */ = {
			isa = PBXFrameworksBuildPhase;
			buildActionMask = 2147483647;
			files = (
				BA54A33D1AC722756604B86D /* libPods-reefUITests.a in Frameworks */,
			);
			runOnlyForDeploymentPostprocessing = 0;
		};
/* End PBXFrameworksBuildPhase section */

/* Begin PBXGroup section */
		157533C02C535E7EDB03B72B /* Frameworks */ = {
			isa = PBXGroup;
			children = (
				46E5A6B524BAB55800140385 /* ExternalAccessory.framework */,
				46E5A6B324BAB3E500140385 /* NetworkExtension.framework */,
				BA9B2280DD754D1896F28A57 /* libPods-reef.a */,
				8E437EA3896C04C23D2342B2 /* libPods-reefTests.a */,
				0EE258E866F9258BEDCDA569 /* libPods-reefUITests.a */,
			);
			name = Frameworks;
			sourceTree = "<group>";
		};
		4619F64B251D611E008B90E9 /* Notifications */ = {
			isa = PBXGroup;
			children = (
				4619F64C251D613B008B90E9 /* Notifications.storyboard */,
				4619F64E251D63A8008B90E9 /* NotificationsVC.swift */,
				4619F650251E4567008B90E9 /* NotificationsCell.swift */,
			);
			path = Notifications;
			sourceTree = "<group>";
		};
		4621595F2127358B00F8ADA4 /* Home */ = {
			isa = PBXGroup;
			children = (
				46C5917C2123B65A0035F552 /* Home.storyboard */,
				469BA9D224F9670D0017D1FA /* HomeVC.swift */,
				46A4674B24F58C0C00B75E9C /* Ecosystem Setup */,
				46A4675B24F5DA3400B75E9C /* Germinate */,
				469BA9DE24FD51680017D1FA /* VegetativeVC.swift */,
				46A85ABB24FD84D800B9D168 /* FloweringVC.swift */,
				469BA9DA24FCB59F0017D1FA /* GerminationVC.swift */,
				465DE2EA24E4C7E700F0BF86 /* Collection Cells */,
			);
			path = Home;
			sourceTree = "<group>";
		};
		462A0B8F2149AE7A00D3108B /* AppBrain */ = {
			isa = PBXGroup;
			children = (
				4621596221286D3B00F8ADA4 /* AppBrain.swift */,
				462A428A23DF9DC50086096A /* Data Structs */,
			);
			path = AppBrain;
			sourceTree = "<group>";
		};
		462A428523DF8C400086096A /* Extensions */ = {
			isa = PBXGroup;
			children = (
				462A428623DF8C580086096A /* DateExt.swift */,
				46E5A6B724BB615100140385 /* StringExt.swift */,
			);
			path = Extensions;
			sourceTree = "<group>";
		};
		462A428A23DF9DC50086096A /* Data Structs */ = {
			isa = PBXGroup;
			children = (
				461730FD24DCD09D00945B9B /* GrowTracker.swift */,
				46A4675724F5CA0400B75E9C /* GrowHistory.swift */,
				46DE434924F82A0C009D7FB3 /* EcosystemData.swift */,
				461730FB24DC577000945B9B /* SensorData.swift */,
				465DE2EF24E5B50700F0BF86 /* ReefSettings.swift */,
				462A428323DF8A2B0086096A /* UserData.swift */,
				4609E790252E149E00EE3E64 /* NotificationData.swift */,
			);
			path = "Data Structs";
			sourceTree = "<group>";
		};
		46329638253F7B11003D128D /* Analytics */ = {
			isa = PBXGroup;
			children = (
				46329645253F7B2E003D128D /* Analytics.storyboard */,
				46969B28253F9FC500364B42 /* AnalyticsVC.swift */,
				46ECC0CA254117330067C973 /* StrainCell.swift */,
			);
			path = Analytics;
			sourceTree = "<group>";
		};
		4656EEE1250315F2006822B7 /* Settings */ = {
			isa = PBXGroup;
			children = (
				4656EEE225031606006822B7 /* Settings.storyboard */,
				4656EEE42503239B006822B7 /* SettingsVC.swift */,
				4656EEE6250325E8006822B7 /* SettingsCell.swift */,
				46454D41250D9B7A000FC981 /* ResetWiFiVC.swift */,
			);
			path = Settings;
			sourceTree = "<group>";
		};
		465DE2EA24E4C7E700F0BF86 /* Collection Cells */ = {
			isa = PBXGroup;
			children = (
				469BA9D624F96C280017D1FA /* ProgressCell.swift */,
			);
			path = "Collection Cells";
			sourceTree = "<group>";
		};
		46A4674B24F58C0C00B75E9C /* Ecosystem Setup */ = {
			isa = PBXGroup;
			children = (
				46A85ABD24FFE3D000B9D168 /* EcosystemVC.swift */,
				465DE2EB24E4C83800F0BF86 /* SetupReefVC.swift */,
				465DE2ED24E4CCE300F0BF86 /* AquariumFillVC.swift */,
				46A4674C24F58C2E00B75E9C /* NutrientsVC.swift */,
				46A4674E24F58C3D00B75E9C /* CyclingVC.swift */,
				46DE434B24F8694C009D7FB3 /* IntroduceFishVC.swift */,
			);
			path = "Ecosystem Setup";
			sourceTree = "<group>";
		};
		46A4675B24F5DA3400B75E9C /* Germinate */ = {
			isa = PBXGroup;
			children = (
				469BA9DC24FCB8ED0017D1FA /* SeedlingVC.swift */,
				46A4675924F5D8A600B75E9C /* ChooseYourGrowVC.swift */,
				46A4675C24F5DA6500B75E9C /* SelectStrainVC.swift */,
				46A4675E24F6086C00B75E9C /* SeedTypeVC.swift */,
				46A4676024F7079A00B75E9C /* PlantSeedVC.swift */,
				46A4676224F70C5500B75E9C /* SeedSproutedVC.swift */,
			);
			path = Germinate;
			sourceTree = "<group>";
		};
		46E69F0021092CEA003C466F = {
			isa = PBXGroup;
			children = (
				46E69F0B21092CEB003C466F /* reef */,
				46E69F2021092CEE003C466F /* reefTests */,
				46E69F2B21092CEE003C466F /* reefUITests */,
				46E69F0A21092CEB003C466F /* Products */,
				157533C02C535E7EDB03B72B /* Frameworks */,
				A655C21C5C5E1CF08DEFBBFD /* Pods */,
			);
			sourceTree = "<group>";
		};
		46E69F0A21092CEB003C466F /* Products */ = {
			isa = PBXGroup;
			children = (
				46E69F0921092CEB003C466F /* reef.app */,
				46E69F1D21092CEE003C466F /* reefTests.xctest */,
				46E69F2821092CEE003C466F /* reefUITests.xctest */,
			);
			name = Products;
			sourceTree = "<group>";
		};
		46E69F0B21092CEB003C466F /* reef */ = {
			isa = PBXGroup;
			children = (
				46E69F0C21092CEB003C466F /* AppDelegate.swift */,
				462A0B8F2149AE7A00D3108B /* AppBrain */,
				46E69F48210E80C3003C466F /* Onboarding */,
				4621595F2127358B00F8ADA4 /* Home */,
				46329638253F7B11003D128D /* Analytics */,
				4619F64B251D611E008B90E9 /* Notifications */,
				4656EEE1250315F2006822B7 /* Settings */,
				462A428523DF8C400086096A /* Extensions */,
				46E69F1321092CEE003C466F /* Assets.xcassets */,
				46E69F1521092CEE003C466F /* LaunchScreen.storyboard */,
				460EE4D5211F59950004A91C /* Reef.entitlements */,
				46A7B345252E2EF100503515 /* R.generated.swift */,
				46A4675224F5C26400B75E9C /* strains.csv */,
				466AA99D222F5AFE007903C3 /* GoogleService-Info.plist */,
				46E69F1821092CEE003C466F /* Info.plist */,
			);
			path = reef;
			sourceTree = "<group>";
		};
		46E69F2021092CEE003C466F /* reefTests */ = {
			isa = PBXGroup;
			children = (
				46E69F2121092CEE003C466F /* ReefTests.swift */,
				46E69F2321092CEE003C466F /* Info.plist */,
			);
			path = reefTests;
			sourceTree = "<group>";
		};
		46E69F2B21092CEE003C466F /* reefUITests */ = {
			isa = PBXGroup;
			children = (
				46E69F2C21092CEE003C466F /* ReefUITests.swift */,
				46E69F2E21092CEE003C466F /* Info.plist */,
			);
			path = reefUITests;
			sourceTree = "<group>";
		};
		46E69F48210E80C3003C466F /* Onboarding */ = {
			isa = PBXGroup;
			children = (
				46E69F1021092CEB003C466F /* Main.storyboard */,
				46E69F0E21092CEB003C466F /* WelcomeVC.swift */,
				46E69F3C210948A3003C466F /* SignUpVC.swift */,
				4651EA5F24A5899C009BC355 /* SignInVC.swift */,
				4631823624A699BF0002E8DF /* ForgotPasswordVC.swift */,
				46AE27B824B4ED20002AEF34 /* SetupVC.swift */,
				46E5A6AB24B92A7300140385 /* PlugVC.swift */,
				46E5A6AD24B92B1800140385 /* ValidateVC.swift */,
				46E5A6B124BAA43C00140385 /* NotificationVC.swift */,
				46E5A6AF24BA5F8B00140385 /* WifiConnectVC.swift */,
			);
			path = Onboarding;
			sourceTree = "<group>";
		};
		A655C21C5C5E1CF08DEFBBFD /* Pods */ = {
			isa = PBXGroup;
			children = (
				9917DA74490CA68B1FE7633F /* Pods-reef.debug.xcconfig */,
				FBD96A51C7A6D3DA56237A60 /* Pods-reef.release.xcconfig */,
				CFA55C1D1C67F9D4860B5FA2 /* Pods-reefTests.debug.xcconfig */,
				FF0E1FEE1ACAEB6E8B3B4766 /* Pods-reefTests.release.xcconfig */,
				165DD885F65EBD4B6DCB7E14 /* Pods-reefUITests.debug.xcconfig */,
				9989E053C3B0D50414DB10B0 /* Pods-reefUITests.release.xcconfig */,
			);
			path = Pods;
			sourceTree = "<group>";
		};
/* End PBXGroup section */

/* Begin PBXNativeTarget section */
		46E69F0821092CEB003C466F /* reef */ = {
			isa = PBXNativeTarget;
			buildConfigurationList = 46E69F3121092CEE003C466F /* Build configuration list for PBXNativeTarget "reef" */;
			buildPhases = (
				5601CF9AF0ABBDA67D534E56 /* [CP] Check Pods Manifest.lock */,
				46D9091024C3D16800006A01 /* ShellScript */,
				46E69F0521092CEB003C466F /* Sources */,
				46E69F0621092CEB003C466F /* Frameworks */,
				46E69F0721092CEB003C466F /* Resources */,
				462EBAD324C3946200A75431 /* ShellScript */,
			);
			buildRules = (
			);
			dependencies = (
			);
			name = reef;
			packageProductDependencies = (
				46A4675524F5C50300B75E9C /* CSVImporter */,
			);
			productName = Reef;
			productReference = 46E69F0921092CEB003C466F /* reef.app */;
			productType = "com.apple.product-type.application";
		};
		46E69F1C21092CEE003C466F /* reefTests */ = {
			isa = PBXNativeTarget;
			buildConfigurationList = 46E69F3421092CEE003C466F /* Build configuration list for PBXNativeTarget "reefTests" */;
			buildPhases = (
				1A57988A013C25DFE2ACF2EB /* [CP] Check Pods Manifest.lock */,
				46E69F1921092CEE003C466F /* Sources */,
				46E69F1A21092CEE003C466F /* Frameworks */,
				46E69F1B21092CEE003C466F /* Resources */,
			);
			buildRules = (
			);
			dependencies = (
				46E69F1F21092CEE003C466F /* PBXTargetDependency */,
			);
			name = reefTests;
			productName = ReefTests;
			productReference = 46E69F1D21092CEE003C466F /* reefTests.xctest */;
			productType = "com.apple.product-type.bundle.unit-test";
		};
		46E69F2721092CEE003C466F /* reefUITests */ = {
			isa = PBXNativeTarget;
			buildConfigurationList = 46E69F3721092CEE003C466F /* Build configuration list for PBXNativeTarget "reefUITests" */;
			buildPhases = (
				811B926D0D8EA173E093C51C /* [CP] Check Pods Manifest.lock */,
				46E69F2421092CEE003C466F /* Sources */,
				46E69F2521092CEE003C466F /* Frameworks */,
				46E69F2621092CEE003C466F /* Resources */,
			);
			buildRules = (
			);
			dependencies = (
				46E69F2A21092CEE003C466F /* PBXTargetDependency */,
			);
			name = reefUITests;
			productName = ReefUITests;
			productReference = 46E69F2821092CEE003C466F /* reefUITests.xctest */;
			productType = "com.apple.product-type.bundle.ui-testing";
		};
/* End PBXNativeTarget section */

/* Begin PBXProject section */
		46E69F0121092CEA003C466F /* Project object */ = {
			isa = PBXProject;
			attributes = {
				LastSwiftUpdateCheck = 0940;
				LastUpgradeCheck = 1200;
				ORGANIZATIONNAME = Infinitry;
				TargetAttributes = {
					46E69F0821092CEB003C466F = {
						CreatedOnToolsVersion = 9.4.1;
						LastSwiftMigration = 1020;
						SystemCapabilities = {
							com.apple.Push = {
								enabled = 1;
							};
						};
					};
					46E69F1C21092CEE003C466F = {
						CreatedOnToolsVersion = 9.4.1;
						LastSwiftMigration = 1020;
						TestTargetID = 46E69F0821092CEB003C466F;
					};
					46E69F2721092CEE003C466F = {
						CreatedOnToolsVersion = 9.4.1;
						LastSwiftMigration = 1020;
						TestTargetID = 46E69F0821092CEB003C466F;
					};
				};
			};
			buildConfigurationList = 46E69F0421092CEA003C466F /* Build configuration list for PBXProject "reef" */;
			compatibilityVersion = "Xcode 9.3";
			developmentRegion = en;
			hasScannedForEncodings = 0;
			knownRegions = (
				en,
				Base,
			);
			mainGroup = 46E69F0021092CEA003C466F;
			packageReferences = (
				46A4675424F5C50300B75E9C /* XCRemoteSwiftPackageReference "CSVImporter" */,
			);
			productRefGroup = 46E69F0A21092CEB003C466F /* Products */;
			projectDirPath = "";
			projectRoot = "";
			targets = (
				46E69F0821092CEB003C466F /* reef */,
				46E69F1C21092CEE003C466F /* reefTests */,
				46E69F2721092CEE003C466F /* reefUITests */,
			);
		};
/* End PBXProject section */

/* Begin PBXResourcesBuildPhase section */
		46E69F0721092CEB003C466F /* Resources */ = {
			isa = PBXResourcesBuildPhase;
			buildActionMask = 2147483647;
			files = (
				46E69F1721092CEE003C466F /* LaunchScreen.storyboard in Resources */,
				46329646253F7B2E003D128D /* Analytics.storyboard in Resources */,
				4619F64D251D613B008B90E9 /* Notifications.storyboard in Resources */,
				46E69F1421092CEE003C466F /* Assets.xcassets in Resources */,
				46C5917D2123B65A0035F552 /* Home.storyboard in Resources */,
				46E69F1221092CEB003C466F /* Main.storyboard in Resources */,
				46A4675324F5C26400B75E9C /* strains.csv in Resources */,
				466AA99E222F5AFE007903C3 /* GoogleService-Info.plist in Resources */,
				4656EEE325031606006822B7 /* Settings.storyboard in Resources */,
			);
			runOnlyForDeploymentPostprocessing = 0;
		};
		46E69F1B21092CEE003C466F /* Resources */ = {
			isa = PBXResourcesBuildPhase;
			buildActionMask = 2147483647;
			files = (
			);
			runOnlyForDeploymentPostprocessing = 0;
		};
		46E69F2621092CEE003C466F /* Resources */ = {
			isa = PBXResourcesBuildPhase;
			buildActionMask = 2147483647;
			files = (
			);
			runOnlyForDeploymentPostprocessing = 0;
		};
/* End PBXResourcesBuildPhase section */

/* Begin PBXShellScriptBuildPhase section */
		1A57988A013C25DFE2ACF2EB /* [CP] Check Pods Manifest.lock */ = {
			isa = PBXShellScriptBuildPhase;
			buildActionMask = 2147483647;
			files = (
			);
			inputFileListPaths = (
			);
			inputPaths = (
				"${PODS_PODFILE_DIR_PATH}/Podfile.lock",
				"${PODS_ROOT}/Manifest.lock",
			);
			name = "[CP] Check Pods Manifest.lock";
			outputFileListPaths = (
			);
			outputPaths = (
				"$(DERIVED_FILE_DIR)/Pods-reefTests-checkManifestLockResult.txt",
			);
			runOnlyForDeploymentPostprocessing = 0;
			shellPath = /bin/sh;
			shellScript = "diff \"${PODS_PODFILE_DIR_PATH}/Podfile.lock\" \"${PODS_ROOT}/Manifest.lock\" > /dev/null\nif [ $? != 0 ] ; then\n    # print error to STDERR\n    echo \"error: The sandbox is not in sync with the Podfile.lock. Run 'pod install' or update your CocoaPods installation.\" >&2\n    exit 1\nfi\n# This output is used by Xcode 'outputs' to avoid re-running this script phase.\necho \"SUCCESS\" > \"${SCRIPT_OUTPUT_FILE_0}\"\n";
			showEnvVarsInLog = 0;
		};
		462EBAD324C3946200A75431 /* ShellScript */ = {
			isa = PBXShellScriptBuildPhase;
			buildActionMask = 2147483647;
			files = (
			);
			inputFileListPaths = (
			);
			inputPaths = (
			);
			outputFileListPaths = (
			);
			outputPaths = (
			);
			runOnlyForDeploymentPostprocessing = 0;
			shellPath = /bin/sh;
			shellScript = "# Type a script or drag a script file from your workspace to insert its path.\n\"${PODS_ROOT}/SwiftLint/swiftlint\"\n#\"${PODS_ROOT}/SwiftLint/swiftlint --quiet\"\n";
		};
		46D9091024C3D16800006A01 /* ShellScript */ = {
			isa = PBXShellScriptBuildPhase;
			buildActionMask = 2147483647;
			files = (
			);
			inputFileListPaths = (
			);
			inputPaths = (
				"$TEMP_DIR/rswift-lastrun",
			);
			outputFileListPaths = (
			);
			outputPaths = (
				$SRCROOT/R.generated.swift,
			);
			runOnlyForDeploymentPostprocessing = 0;
			shellPath = /bin/sh;
			shellScript = "# Type a script or drag a script file from your workspace to insert its path.\n\"$PODS_ROOT/R.swift/rswift\" generate \"$SRCROOT/R.generated.swift\"\n";
		};
		5601CF9AF0ABBDA67D534E56 /* [CP] Check Pods Manifest.lock */ = {
			isa = PBXShellScriptBuildPhase;
			buildActionMask = 2147483647;
			files = (
			);
			inputFileListPaths = (
			);
			inputPaths = (
				"${PODS_PODFILE_DIR_PATH}/Podfile.lock",
				"${PODS_ROOT}/Manifest.lock",
			);
			name = "[CP] Check Pods Manifest.lock";
			outputFileListPaths = (
			);
			outputPaths = (
				"$(DERIVED_FILE_DIR)/Pods-reef-checkManifestLockResult.txt",
			);
			runOnlyForDeploymentPostprocessing = 0;
			shellPath = /bin/sh;
			shellScript = "diff \"${PODS_PODFILE_DIR_PATH}/Podfile.lock\" \"${PODS_ROOT}/Manifest.lock\" > /dev/null\nif [ $? != 0 ] ; then\n    # print error to STDERR\n    echo \"error: The sandbox is not in sync with the Podfile.lock. Run 'pod install' or update your CocoaPods installation.\" >&2\n    exit 1\nfi\n# This output is used by Xcode 'outputs' to avoid re-running this script phase.\necho \"SUCCESS\" > \"${SCRIPT_OUTPUT_FILE_0}\"\n";
			showEnvVarsInLog = 0;
		};
		811B926D0D8EA173E093C51C /* [CP] Check Pods Manifest.lock */ = {
			isa = PBXShellScriptBuildPhase;
			buildActionMask = 2147483647;
			files = (
			);
			inputFileListPaths = (
			);
			inputPaths = (
				"${PODS_PODFILE_DIR_PATH}/Podfile.lock",
				"${PODS_ROOT}/Manifest.lock",
			);
			name = "[CP] Check Pods Manifest.lock";
			outputFileListPaths = (
			);
			outputPaths = (
				"$(DERIVED_FILE_DIR)/Pods-reefUITests-checkManifestLockResult.txt",
			);
			runOnlyForDeploymentPostprocessing = 0;
			shellPath = /bin/sh;
			shellScript = "diff \"${PODS_PODFILE_DIR_PATH}/Podfile.lock\" \"${PODS_ROOT}/Manifest.lock\" > /dev/null\nif [ $? != 0 ] ; then\n    # print error to STDERR\n    echo \"error: The sandbox is not in sync with the Podfile.lock. Run 'pod install' or update your CocoaPods installation.\" >&2\n    exit 1\nfi\n# This output is used by Xcode 'outputs' to avoid re-running this script phase.\necho \"SUCCESS\" > \"${SCRIPT_OUTPUT_FILE_0}\"\n";
			showEnvVarsInLog = 0;
		};
/* End PBXShellScriptBuildPhase section */

/* Begin PBXSourcesBuildPhase section */
		46E69F0521092CEB003C466F /* Sources */ = {
			isa = PBXSourcesBuildPhase;
			buildActionMask = 2147483647;
			files = (
				46A85ABC24FD84D800B9D168 /* FloweringVC.swift in Sources */,
				46A4675F24F6086C00B75E9C /* SeedTypeVC.swift in Sources */,
				469BA9D324F9670D0017D1FA /* HomeVC.swift in Sources */,
				46DE434C24F8694C009D7FB3 /* IntroduceFishVC.swift in Sources */,
				46A4674D24F58C2E00B75E9C /* NutrientsVC.swift in Sources */,
				46E5A6B024BA5F8B00140385 /* WifiConnectVC.swift in Sources */,
				46DE434A24F82A0C009D7FB3 /* EcosystemData.swift in Sources */,
				4621596321286D3B00F8ADA4 /* AppBrain.swift in Sources */,
				46454D42250D9B7A000FC981 /* ResetWiFiVC.swift in Sources */,
				469BA9DF24FD51680017D1FA /* VegetativeVC.swift in Sources */,
				4651EA6024A5899C009BC355 /* SignInVC.swift in Sources */,
				4656EEE52503239B006822B7 /* SettingsVC.swift in Sources */,
				4656EEE7250325E8006822B7 /* SettingsCell.swift in Sources */,
				462A428723DF8C580086096A /* DateExt.swift in Sources */,
				469BA9DB24FCB59F0017D1FA /* GerminationVC.swift in Sources */,
				46A4676324F70C5500B75E9C /* SeedSproutedVC.swift in Sources */,
				46A4675A24F5D8A600B75E9C /* ChooseYourGrowVC.swift in Sources */,
				4609E791252E149E00EE3E64 /* NotificationData.swift in Sources */,
				469BA9D724F96C280017D1FA /* ProgressCell.swift in Sources */,
				46A4676124F7079A00B75E9C /* PlantSeedVC.swift in Sources */,
				46E5A6B224BAA43C00140385 /* NotificationVC.swift in Sources */,
				46E5A6AE24B92B1800140385 /* ValidateVC.swift in Sources */,
				4619F651251E4567008B90E9 /* NotificationsCell.swift in Sources */,
				46AE27B924B4ED20002AEF34 /* SetupVC.swift in Sources */,
				461730FC24DC577000945B9B /* SensorData.swift in Sources */,
				4619F64F251D63A8008B90E9 /* NotificationsVC.swift in Sources */,
				465DE2F024E5B50700F0BF86 /* ReefSettings.swift in Sources */,
				46E5A6B824BB615100140385 /* StringExt.swift in Sources */,
				4631823724A699BF0002E8DF /* ForgotPasswordVC.swift in Sources */,
				46E69F3D210948A3003C466F /* SignUpVC.swift in Sources */,
				46E69F0F21092CEB003C466F /* WelcomeVC.swift in Sources */,
				46E69F0D21092CEB003C466F /* AppDelegate.swift in Sources */,
				46A7B346252E2EF100503515 /* R.generated.swift in Sources */,
				461730FE24DCD09D00945B9B /* GrowTracker.swift in Sources */,
				469BA9DD24FCB8ED0017D1FA /* SeedlingVC.swift in Sources */,
				46A4675D24F5DA6500B75E9C /* SelectStrainVC.swift in Sources */,
				46A85ABE24FFE3D000B9D168 /* EcosystemVC.swift in Sources */,
				46969B29253F9FC500364B42 /* AnalyticsVC.swift in Sources */,
				46A4674F24F58C3D00B75E9C /* CyclingVC.swift in Sources */,
				465DE2EE24E4CCE300F0BF86 /* AquariumFillVC.swift in Sources */,
				46A4675824F5CA0400B75E9C /* GrowHistory.swift in Sources */,
				46ECC0CB254117330067C973 /* StrainCell.swift in Sources */,
				465DE2EC24E4C83800F0BF86 /* SetupReefVC.swift in Sources */,
				46E5A6AC24B92A7300140385 /* PlugVC.swift in Sources */,
				462A428423DF8A2B0086096A /* UserData.swift in Sources */,
			);
			runOnlyForDeploymentPostprocessing = 0;
		};
		46E69F1921092CEE003C466F /* Sources */ = {
			isa = PBXSourcesBuildPhase;
			buildActionMask = 2147483647;
			files = (
				46E69F2221092CEE003C466F /* ReefTests.swift in Sources */,
			);
			runOnlyForDeploymentPostprocessing = 0;
		};
		46E69F2421092CEE003C466F /* Sources */ = {
			isa = PBXSourcesBuildPhase;
			buildActionMask = 2147483647;
			files = (
				46E69F2D21092CEE003C466F /* ReefUITests.swift in Sources */,
			);
			runOnlyForDeploymentPostprocessing = 0;
		};
/* End PBXSourcesBuildPhase section */

/* Begin PBXTargetDependency section */
		46E69F1F21092CEE003C466F /* PBXTargetDependency */ = {
			isa = PBXTargetDependency;
			target = 46E69F0821092CEB003C466F /* reef */;
			targetProxy = 46E69F1E21092CEE003C466F /* PBXContainerItemProxy */;
		};
		46E69F2A21092CEE003C466F /* PBXTargetDependency */ = {
			isa = PBXTargetDependency;
			target = 46E69F0821092CEB003C466F /* reef */;
			targetProxy = 46E69F2921092CEE003C466F /* PBXContainerItemProxy */;
		};
/* End PBXTargetDependency section */

/* Begin PBXVariantGroup section */
		46E69F1021092CEB003C466F /* Main.storyboard */ = {
			isa = PBXVariantGroup;
			children = (
				46E69F1121092CEB003C466F /* Base */,
			);
			name = Main.storyboard;
			sourceTree = "<group>";
		};
		46E69F1521092CEE003C466F /* LaunchScreen.storyboard */ = {
			isa = PBXVariantGroup;
			children = (
				46E69F1621092CEE003C466F /* Base */,
			);
			name = LaunchScreen.storyboard;
			sourceTree = "<group>";
		};
/* End PBXVariantGroup section */

/* Begin XCBuildConfiguration section */
		46E69F2F21092CEE003C466F /* Debug */ = {
			isa = XCBuildConfiguration;
			buildSettings = {
				ALWAYS_SEARCH_USER_PATHS = NO;
				CLANG_ANALYZER_NONNULL = YES;
				CLANG_ANALYZER_NUMBER_OBJECT_CONVERSION = YES_AGGRESSIVE;
				CLANG_CXX_LANGUAGE_STANDARD = "gnu++14";
				CLANG_CXX_LIBRARY = "libc++";
				CLANG_ENABLE_MODULES = YES;
				CLANG_ENABLE_OBJC_ARC = YES;
				CLANG_ENABLE_OBJC_WEAK = YES;
				CLANG_WARN_BLOCK_CAPTURE_AUTORELEASING = YES;
				CLANG_WARN_BOOL_CONVERSION = YES;
				CLANG_WARN_COMMA = YES;
				CLANG_WARN_CONSTANT_CONVERSION = YES;
				CLANG_WARN_DEPRECATED_OBJC_IMPLEMENTATIONS = YES;
				CLANG_WARN_DIRECT_OBJC_ISA_USAGE = YES_ERROR;
				CLANG_WARN_DOCUMENTATION_COMMENTS = YES;
				CLANG_WARN_EMPTY_BODY = YES;
				CLANG_WARN_ENUM_CONVERSION = YES;
				CLANG_WARN_INFINITE_RECURSION = YES;
				CLANG_WARN_INT_CONVERSION = YES;
				CLANG_WARN_NON_LITERAL_NULL_CONVERSION = YES;
				CLANG_WARN_OBJC_IMPLICIT_RETAIN_SELF = YES;
				CLANG_WARN_OBJC_LITERAL_CONVERSION = YES;
				CLANG_WARN_OBJC_ROOT_CLASS = YES_ERROR;
				CLANG_WARN_QUOTED_INCLUDE_IN_FRAMEWORK_HEADER = YES;
				CLANG_WARN_RANGE_LOOP_ANALYSIS = YES;
				CLANG_WARN_STRICT_PROTOTYPES = YES;
				CLANG_WARN_SUSPICIOUS_MOVE = YES;
				CLANG_WARN_UNGUARDED_AVAILABILITY = YES_AGGRESSIVE;
				CLANG_WARN_UNREACHABLE_CODE = YES;
				CLANG_WARN__DUPLICATE_METHOD_MATCH = YES;
				CODE_SIGN_IDENTITY = "iPhone Developer";
				COPY_PHASE_STRIP = NO;
				DEBUG_INFORMATION_FORMAT = dwarf;
				ENABLE_STRICT_OBJC_MSGSEND = YES;
				ENABLE_TESTABILITY = YES;
				GCC_C_LANGUAGE_STANDARD = gnu11;
				GCC_DYNAMIC_NO_PIC = NO;
				GCC_NO_COMMON_BLOCKS = YES;
				GCC_OPTIMIZATION_LEVEL = 0;
				GCC_PREPROCESSOR_DEFINITIONS = (
					"DEBUG=1",
					"$(inherited)",
				);
				GCC_WARN_64_TO_32_BIT_CONVERSION = YES;
				GCC_WARN_ABOUT_RETURN_TYPE = YES_ERROR;
				GCC_WARN_UNDECLARED_SELECTOR = YES;
				GCC_WARN_UNINITIALIZED_AUTOS = YES_AGGRESSIVE;
				GCC_WARN_UNUSED_FUNCTION = YES;
				GCC_WARN_UNUSED_VARIABLE = YES;
				IPHONEOS_DEPLOYMENT_TARGET = 13.0;
				MTL_ENABLE_DEBUG_INFO = YES;
				ONLY_ACTIVE_ARCH = YES;
				SDKROOT = iphoneos;
				SWIFT_ACTIVE_COMPILATION_CONDITIONS = DEBUG;
				SWIFT_OPTIMIZATION_LEVEL = "-Onone";
			};
			name = Debug;
		};
		46E69F3021092CEE003C466F /* Release */ = {
			isa = XCBuildConfiguration;
			buildSettings = {
				ALWAYS_SEARCH_USER_PATHS = NO;
				CLANG_ANALYZER_NONNULL = YES;
				CLANG_ANALYZER_NUMBER_OBJECT_CONVERSION = YES_AGGRESSIVE;
				CLANG_CXX_LANGUAGE_STANDARD = "gnu++14";
				CLANG_CXX_LIBRARY = "libc++";
				CLANG_ENABLE_MODULES = YES;
				CLANG_ENABLE_OBJC_ARC = YES;
				CLANG_ENABLE_OBJC_WEAK = YES;
				CLANG_WARN_BLOCK_CAPTURE_AUTORELEASING = YES;
				CLANG_WARN_BOOL_CONVERSION = YES;
				CLANG_WARN_COMMA = YES;
				CLANG_WARN_CONSTANT_CONVERSION = YES;
				CLANG_WARN_DEPRECATED_OBJC_IMPLEMENTATIONS = YES;
				CLANG_WARN_DIRECT_OBJC_ISA_USAGE = YES_ERROR;
				CLANG_WARN_DOCUMENTATION_COMMENTS = YES;
				CLANG_WARN_EMPTY_BODY = YES;
				CLANG_WARN_ENUM_CONVERSION = YES;
				CLANG_WARN_INFINITE_RECURSION = YES;
				CLANG_WARN_INT_CONVERSION = YES;
				CLANG_WARN_NON_LITERAL_NULL_CONVERSION = YES;
				CLANG_WARN_OBJC_IMPLICIT_RETAIN_SELF = YES;
				CLANG_WARN_OBJC_LITERAL_CONVERSION = YES;
				CLANG_WARN_OBJC_ROOT_CLASS = YES_ERROR;
				CLANG_WARN_QUOTED_INCLUDE_IN_FRAMEWORK_HEADER = YES;
				CLANG_WARN_RANGE_LOOP_ANALYSIS = YES;
				CLANG_WARN_STRICT_PROTOTYPES = YES;
				CLANG_WARN_SUSPICIOUS_MOVE = YES;
				CLANG_WARN_UNGUARDED_AVAILABILITY = YES_AGGRESSIVE;
				CLANG_WARN_UNREACHABLE_CODE = YES;
				CLANG_WARN__DUPLICATE_METHOD_MATCH = YES;
				CODE_SIGN_IDENTITY = "iPhone Developer";
				COPY_PHASE_STRIP = NO;
				DEBUG_INFORMATION_FORMAT = "dwarf-with-dsym";
				ENABLE_NS_ASSERTIONS = NO;
				ENABLE_STRICT_OBJC_MSGSEND = YES;
				GCC_C_LANGUAGE_STANDARD = gnu11;
				GCC_NO_COMMON_BLOCKS = YES;
				GCC_WARN_64_TO_32_BIT_CONVERSION = YES;
				GCC_WARN_ABOUT_RETURN_TYPE = YES_ERROR;
				GCC_WARN_UNDECLARED_SELECTOR = YES;
				GCC_WARN_UNINITIALIZED_AUTOS = YES_AGGRESSIVE;
				GCC_WARN_UNUSED_FUNCTION = YES;
				GCC_WARN_UNUSED_VARIABLE = YES;
				IPHONEOS_DEPLOYMENT_TARGET = 13.0;
				MTL_ENABLE_DEBUG_INFO = NO;
				SDKROOT = iphoneos;
				SWIFT_COMPILATION_MODE = wholemodule;
				SWIFT_OPTIMIZATION_LEVEL = "-O";
				VALIDATE_PRODUCT = YES;
			};
			name = Release;
		};
		46E69F3221092CEE003C466F /* Debug */ = {
			isa = XCBuildConfiguration;
			baseConfigurationReference = 9917DA74490CA68B1FE7633F /* Pods-reef.debug.xcconfig */;
			buildSettings = {
				ASSETCATALOG_COMPILER_APPICON_NAME = AppIcon;
				CODE_SIGN_ENTITLEMENTS = Reef/Reef.entitlements;
				CODE_SIGN_IDENTITY = "Apple Development";
				CODE_SIGN_STYLE = Automatic;
				CURRENT_PROJECT_VERSION = 1.07;
				DEVELOPMENT_TEAM = KJ66229FXW;
				ENABLE_TESTABILITY = NO;
				GCC_NO_COMMON_BLOCKS = NO;
				INFOPLIST_FILE = Reef/Info.plist;
				LD_RUNPATH_SEARCH_PATHS = (
					"$(inherited)",
					"@executable_path/Frameworks",
				);
				MARKETING_VERSION = 2.0;
				PRODUCT_BUNDLE_IDENTIFIER = io.Infinitry.Reef;
				PRODUCT_NAME = reef;
				PROVISIONING_PROFILE_SPECIFIER = "";
				SWIFT_VERSION = 5.0;
				TARGETED_DEVICE_FAMILY = 1;
			};
			name = Debug;
		};
		46E69F3321092CEE003C466F /* Release */ = {
			isa = XCBuildConfiguration;
			baseConfigurationReference = FBD96A51C7A6D3DA56237A60 /* Pods-reef.release.xcconfig */;
			buildSettings = {
				ASSETCATALOG_COMPILER_APPICON_NAME = AppIcon;
				CODE_SIGN_ENTITLEMENTS = Reef/Reef.entitlements;
				CODE_SIGN_IDENTITY = "Apple Development";
				CODE_SIGN_STYLE = Automatic;
				CURRENT_PROJECT_VERSION = 1.07;
				DEVELOPMENT_TEAM = KJ66229FXW;
				GCC_NO_COMMON_BLOCKS = NO;
				INFOPLIST_FILE = Reef/Info.plist;
				LD_RUNPATH_SEARCH_PATHS = (
					"$(inherited)",
					"@executable_path/Frameworks",
				);
				MARKETING_VERSION = 2.0;
				PRODUCT_BUNDLE_IDENTIFIER = io.Infinitry.Reef;
				PRODUCT_NAME = reef;
				PROVISIONING_PROFILE_SPECIFIER = "";
				SWIFT_VERSION = 5.0;
				TARGETED_DEVICE_FAMILY = 1;
			};
			name = Release;
		};
		46E69F3521092CEE003C466F /* Debug */ = {
			isa = XCBuildConfiguration;
			baseConfigurationReference = CFA55C1D1C67F9D4860B5FA2 /* Pods-reefTests.debug.xcconfig */;
			buildSettings = {
				ALWAYS_EMBED_SWIFT_STANDARD_LIBRARIES = YES;
				BUNDLE_LOADER = "$(TEST_HOST)";
				CODE_SIGN_STYLE = Automatic;
				DEVELOPMENT_TEAM = KJ66229FXW;
				INFOPLIST_FILE = ReefTests/Info.plist;
				LD_RUNPATH_SEARCH_PATHS = (
					"$(inherited)",
					"@executable_path/Frameworks",
					"@loader_path/Frameworks",
				);
				PRODUCT_BUNDLE_IDENTIFIER = io.Infinitry.ReefTests;
				PRODUCT_NAME = "$(TARGET_NAME)";
				SWIFT_VERSION = 5.0;
				TARGETED_DEVICE_FAMILY = "1,2";
				TEST_HOST = "$(BUILT_PRODUCTS_DIR)/reef.app/reef";
			};
			name = Debug;
		};
		46E69F3621092CEE003C466F /* Release */ = {
			isa = XCBuildConfiguration;
			baseConfigurationReference = FF0E1FEE1ACAEB6E8B3B4766 /* Pods-reefTests.release.xcconfig */;
			buildSettings = {
				ALWAYS_EMBED_SWIFT_STANDARD_LIBRARIES = YES;
				BUNDLE_LOADER = "$(TEST_HOST)";
				CODE_SIGN_STYLE = Automatic;
				DEVELOPMENT_TEAM = KJ66229FXW;
				INFOPLIST_FILE = ReefTests/Info.plist;
				LD_RUNPATH_SEARCH_PATHS = (
					"$(inherited)",
					"@executable_path/Frameworks",
					"@loader_path/Frameworks",
				);
				PRODUCT_BUNDLE_IDENTIFIER = io.Infinitry.ReefTests;
				PRODUCT_NAME = "$(TARGET_NAME)";
				SWIFT_VERSION = 5.0;
				TARGETED_DEVICE_FAMILY = "1,2";
				TEST_HOST = "$(BUILT_PRODUCTS_DIR)/reef.app/reef";
			};
			name = Release;
		};
		46E69F3821092CEE003C466F /* Debug */ = {
			isa = XCBuildConfiguration;
			baseConfigurationReference = 165DD885F65EBD4B6DCB7E14 /* Pods-reefUITests.debug.xcconfig */;
			buildSettings = {
				ALWAYS_EMBED_SWIFT_STANDARD_LIBRARIES = YES;
				CODE_SIGN_STYLE = Automatic;
				DEVELOPMENT_TEAM = KJ66229FXW;
				INFOPLIST_FILE = ReefUITests/Info.plist;
				LD_RUNPATH_SEARCH_PATHS = (
					"$(inherited)",
					"@executable_path/Frameworks",
					"@loader_path/Frameworks",
				);
				PRODUCT_BUNDLE_IDENTIFIER = io.Infinitry.ReefUITests;
				PRODUCT_NAME = "$(TARGET_NAME)";
				SWIFT_VERSION = 5.0;
				TARGETED_DEVICE_FAMILY = "1,2";
				TEST_TARGET_NAME = Reef;
			};
			name = Debug;
		};
		46E69F3921092CEE003C466F /* Release */ = {
			isa = XCBuildConfiguration;
			baseConfigurationReference = 9989E053C3B0D50414DB10B0 /* Pods-reefUITests.release.xcconfig */;
			buildSettings = {
				ALWAYS_EMBED_SWIFT_STANDARD_LIBRARIES = YES;
				CODE_SIGN_STYLE = Automatic;
				DEVELOPMENT_TEAM = KJ66229FXW;
				INFOPLIST_FILE = ReefUITests/Info.plist;
				LD_RUNPATH_SEARCH_PATHS = (
					"$(inherited)",
					"@executable_path/Frameworks",
					"@loader_path/Frameworks",
				);
				PRODUCT_BUNDLE_IDENTIFIER = io.Infinitry.ReefUITests;
				PRODUCT_NAME = "$(TARGET_NAME)";
				SWIFT_VERSION = 5.0;
				TARGETED_DEVICE_FAMILY = "1,2";
				TEST_TARGET_NAME = Reef;
			};
			name = Release;
		};
/* End XCBuildConfiguration section */

/* Begin XCConfigurationList section */
		46E69F0421092CEA003C466F /* Build configuration list for PBXProject "reef" */ = {
			isa = XCConfigurationList;
			buildConfigurations = (
				46E69F2F21092CEE003C466F /* Debug */,
				46E69F3021092CEE003C466F /* Release */,
			);
			defaultConfigurationIsVisible = 0;
			defaultConfigurationName = Release;
		};
		46E69F3121092CEE003C466F /* Build configuration list for PBXNativeTarget "reef" */ = {
			isa = XCConfigurationList;
			buildConfigurations = (
				46E69F3221092CEE003C466F /* Debug */,
				46E69F3321092CEE003C466F /* Release */,
			);
			defaultConfigurationIsVisible = 0;
			defaultConfigurationName = Release;
		};
		46E69F3421092CEE003C466F /* Build configuration list for PBXNativeTarget "reefTests" */ = {
			isa = XCConfigurationList;
			buildConfigurations = (
				46E69F3521092CEE003C466F /* Debug */,
				46E69F3621092CEE003C466F /* Release */,
			);
			defaultConfigurationIsVisible = 0;
			defaultConfigurationName = Release;
		};
		46E69F3721092CEE003C466F /* Build configuration list for PBXNativeTarget "reefUITests" */ = {
			isa = XCConfigurationList;
			buildConfigurations = (
				46E69F3821092CEE003C466F /* Debug */,
				46E69F3921092CEE003C466F /* Release */,
			);
			defaultConfigurationIsVisible = 0;
			defaultConfigurationName = Release;
		};
/* End XCConfigurationList section */

/* Begin XCRemoteSwiftPackageReference section */
		46A4675424F5C50300B75E9C /* XCRemoteSwiftPackageReference "CSVImporter" */ = {
			isa = XCRemoteSwiftPackageReference;
			repositoryURL = "https://github.com/Flinesoft/CSVImporter";
			requirement = {
				kind = upToNextMajorVersion;
				minimumVersion = 1.9.1;
			};
		};
/* End XCRemoteSwiftPackageReference section */

/* Begin XCSwiftPackageProductDependency section */
		46A4675524F5C50300B75E9C /* CSVImporter */ = {
			isa = XCSwiftPackageProductDependency;
			package = 46A4675424F5C50300B75E9C /* XCRemoteSwiftPackageReference "CSVImporter" */;
			productName = CSVImporter;
		};
/* End XCSwiftPackageProductDependency section */
	};
	rootObject = 46E69F0121092CEA003C466F /* Project object */;
}
